// !$*UTF8*$!
{
	archiveVersion = 1;
	classes = {
	};
	objectVersion = 46;
	objects = {

/* Begin PBXBuildFile section */
		9274A34F14F7D19600CB5EEB /* UIKit.framework in Frameworks */ = {isa = PBXBuildFile; fileRef = 9274A34E14F7D19600CB5EEB /* UIKit.framework */; };
		9274A35114F7D19600CB5EEB /* Foundation.framework in Frameworks */ = {isa = PBXBuildFile; fileRef = 9274A35014F7D19600CB5EEB /* Foundation.framework */; };
		9274A35714F7D19600CB5EEB /* InfoPlist.strings in Resources */ = {isa = PBXBuildFile; fileRef = 9274A35514F7D19600CB5EEB /* InfoPlist.strings */; };
		9274A35914F7D19600CB5EEB /* main.m in Sources */ = {isa = PBXBuildFile; fileRef = 9274A35814F7D19600CB5EEB /* main.m */; };
		9274A35D14F7D19600CB5EEB /* AppDelegate.m in Sources */ = {isa = PBXBuildFile; fileRef = 9274A35C14F7D19600CB5EEB /* AppDelegate.m */; };
		9274A36014F7D19600CB5EEB /* MainStoryboard.storyboard in Resources */ = {isa = PBXBuildFile; fileRef = 9274A35E14F7D19600CB5EEB /* MainStoryboard.storyboard */; };
		9274A36314F7D19600CB5EEB /* ViewController.m in Sources */ = {isa = PBXBuildFile; fileRef = 9274A36214F7D19600CB5EEB /* ViewController.m */; };
		9274A36F14F7D1EF00CB5EEB /* PSYouTubeExtractor.m in Sources */ = {isa = PBXBuildFile; fileRef = 9274A36E14F7D1EF00CB5EEB /* PSYouTubeExtractor.m */; };
		9274A37914F7DADC00CB5EEB /* CoreGraphics.framework in Frameworks */ = {isa = PBXBuildFile; fileRef = 9274A37814F7DADC00CB5EEB /* CoreGraphics.framework */; };
		9274A37B14F7DAE200CB5EEB /* MediaPlayer.framework in Frameworks */ = {isa = PBXBuildFile; fileRef = 9274A37A14F7DAE200CB5EEB /* MediaPlayer.framework */; };
/* End PBXBuildFile section */

/* Begin PBXFileReference section */
		9274A34A14F7D19600CB5EEB /* youtube video link.app */ = {isa = PBXFileReference; explicitFileType = wrapper.application; includeInIndex = 0; path = "youtube video link.app"; sourceTree = BUILT_PRODUCTS_DIR; };
		9274A34E14F7D19600CB5EEB /* UIKit.framework */ = {isa = PBXFileReference; lastKnownFileType = wrapper.framework; name = UIKit.framework; path = System/Library/Frameworks/UIKit.framework; sourceTree = SDKROOT; };
		9274A35014F7D19600CB5EEB /* Foundation.framework */ = {isa = PBXFileReference; lastKnownFileType = wrapper.framework; name = Foundation.framework; path = System/Library/Frameworks/Foundation.framework; sourceTree = SDKROOT; };
		9274A35414F7D19600CB5EEB /* youtube video link-Info.plist */ = {isa = PBXFileReference; lastKnownFileType = text.plist.xml; path = "youtube video link-Info.plist"; sourceTree = "<group>"; };
		9274A35614F7D19600CB5EEB /* en */ = {isa = PBXFileReference; lastKnownFileType = text.plist.strings; name = en; path = en.lproj/InfoPlist.strings; sourceTree = "<group>"; };
		9274A35814F7D19600CB5EEB /* main.m */ = {isa = PBXFileReference; lastKnownFileType = sourcecode.c.objc; path = main.m; sourceTree = "<group>"; };
		9274A35A14F7D19600CB5EEB /* youtube video link-Prefix.pch */ = {isa = PBXFileReference; lastKnownFileType = sourcecode.c.h; path = "youtube video link-Prefix.pch"; sourceTree = "<group>"; };
		9274A35B14F7D19600CB5EEB /* AppDelegate.h */ = {isa = PBXFileReference; lastKnownFileType = sourcecode.c.h; path = AppDelegate.h; sourceTree = "<group>"; };
		9274A35C14F7D19600CB5EEB /* AppDelegate.m */ = {isa = PBXFileReference; lastKnownFileType = sourcecode.c.objc; path = AppDelegate.m; sourceTree = "<group>"; };
		9274A35F14F7D19600CB5EEB /* en */ = {isa = PBXFileReference; lastKnownFileType = file.storyboard; name = en; path = en.lproj/MainStoryboard.storyboard; sourceTree = "<group>"; };
		9274A36114F7D19600CB5EEB /* ViewController.h */ = {isa = PBXFileReference; lastKnownFileType = sourcecode.c.h; path = ViewController.h; sourceTree = "<group>"; };
		9274A36214F7D19600CB5EEB /* ViewController.m */ = {isa = PBXFileReference; lastKnownFileType = sourcecode.c.objc; path = ViewController.m; sourceTree = "<group>"; };
		9274A36D14F7D1EF00CB5EEB /* PSYouTubeExtractor.h */ = {isa = PBXFileReference; fileEncoding = 4; lastKnownFileType = sourcecode.c.h; path = PSYouTubeExtractor.h; sourceTree = "<group>"; };
		9274A36E14F7D1EF00CB5EEB /* PSYouTubeExtractor.m */ = {isa = PBXFileReference; fileEncoding = 4; lastKnownFileType = sourcecode.c.objc; path = PSYouTubeExtractor.m; sourceTree = "<group>"; };
		9274A37814F7DADC00CB5EEB /* CoreGraphics.framework */ = {isa = PBXFileReference; lastKnownFileType = wrapper.framework; name = CoreGraphics.framework; path = System/Library/Frameworks/CoreGraphics.framework; sourceTree = SDKROOT; };
		9274A37A14F7DAE200CB5EEB /* MediaPlayer.framework */ = {isa = PBXFileReference; lastKnownFileType = wrapper.framework; name = MediaPlayer.framework; path = System/Library/Frameworks/MediaPlayer.framework; sourceTree = SDKROOT; };
/* End PBXFileReference section */

/* Begin PBXFrameworksBuildPhase section */
		9274A34714F7D19600CB5EEB /* Frameworks */ = {
			isa = PBXFrameworksBuildPhase;
			buildActionMask = 2147483647;
			files = (
				9274A37B14F7DAE200CB5EEB /* MediaPlayer.framework in Frameworks */,
				9274A37914F7DADC00CB5EEB /* CoreGraphics.framework in Frameworks */,
				9274A34F14F7D19600CB5EEB /* UIKit.framework in Frameworks */,
				9274A35114F7D19600CB5EEB /* Foundation.framework in Frameworks */,
			);
			runOnlyForDeploymentPostprocessing = 0;
		};
/* End PBXFrameworksBuildPhase section */

/* Begin PBXGroup section */
		9274A33F14F7D19600CB5EEB = {
			isa = PBXGroup;
			children = (
				9274A35214F7D19600CB5EEB /* youtube video link */,
				92D4C16614FB7FA0003F7405 /* delegate */,
				9274A34D14F7D19600CB5EEB /* Frameworks */,
				9274A34B14F7D19600CB5EEB /* Products */,
			);
			sourceTree = "<group>";
		};
		9274A34B14F7D19600CB5EEB /* Products */ = {
			isa = PBXGroup;
			children = (
				9274A34A14F7D19600CB5EEB /* youtube video link.app */,
			);
			name = Products;
			sourceTree = "<group>";
		};
		9274A34D14F7D19600CB5EEB /* Frameworks */ = {
			isa = PBXGroup;
			children = (
				9274A37A14F7DAE200CB5EEB /* MediaPlayer.framework */,
				9274A37814F7DADC00CB5EEB /* CoreGraphics.framework */,
				9274A34E14F7D19600CB5EEB /* UIKit.framework */,
				9274A35014F7D19600CB5EEB /* Foundation.framework */,
			);
			name = Frameworks;
			sourceTree = "<group>";
		};
		9274A35214F7D19600CB5EEB /* youtube video link */ = {
			isa = PBXGroup;
			children = (
				9274A35E14F7D19600CB5EEB /* MainStoryboard.storyboard */,
				9274A36114F7D19600CB5EEB /* ViewController.h */,
				9274A36214F7D19600CB5EEB /* ViewController.m */,
				92D4C16514FB7F8E003F7405 /* PSYouTubeExtractor */,
				9274A35314F7D19600CB5EEB /* Supporting Files */,
			);
			path = "youtube video link";
			sourceTree = "<group>";
		};
		9274A35314F7D19600CB5EEB /* Supporting Files */ = {
			isa = PBXGroup;
			children = (
				9274A35414F7D19600CB5EEB /* youtube video link-Info.plist */,
				9274A35514F7D19600CB5EEB /* InfoPlist.strings */,
				9274A35814F7D19600CB5EEB /* main.m */,
				9274A35A14F7D19600CB5EEB /* youtube video link-Prefix.pch */,
			);
			name = "Supporting Files";
			sourceTree = "<group>";
		};
		92D4C16514FB7F8E003F7405 /* PSYouTubeExtractor */ = {
			isa = PBXGroup;
			children = (
				9274A36D14F7D1EF00CB5EEB /* PSYouTubeExtractor.h */,
				9274A36E14F7D1EF00CB5EEB /* PSYouTubeExtractor.m */,
			);
			name = PSYouTubeExtractor;
			sourceTree = "<group>";
		};
		92D4C16614FB7FA0003F7405 /* delegate */ = {
			isa = PBXGroup;
			children = (
				9274A35B14F7D19600CB5EEB /* AppDelegate.h */,
				9274A35C14F7D19600CB5EEB /* AppDelegate.m */,
			);
			name = delegate;
			path = "youtube video link";
			sourceTree = "<group>";
		};
/* End PBXGroup section */

/* Begin PBXNativeTarget section */
		9274A34914F7D19600CB5EEB /* youtube video link */ = {
			isa = PBXNativeTarget;
			buildConfigurationList = 9274A36614F7D19600CB5EEB /* Build configuration list for PBXNativeTarget "youtube video link" */;
			buildPhases = (
				9274A34614F7D19600CB5EEB /* Sources */,
				9274A34714F7D19600CB5EEB /* Frameworks */,
				9274A34814F7D19600CB5EEB /* Resources */,
			);
			buildRules = (
			);
			dependencies = (
			);
			name = "youtube video link";
			productName = "youtube video link";
			productReference = 9274A34A14F7D19600CB5EEB /* youtube video link.app */;
			productType = "com.apple.product-type.application";
		};
/* End PBXNativeTarget section */

/* Begin PBXProject section */
		9274A34114F7D19600CB5EEB /* Project object */ = {
			isa = PBXProject;
			attributes = {
				LastUpgradeCheck = 0420;
			};
			buildConfigurationList = 9274A34414F7D19600CB5EEB /* Build configuration list for PBXProject "youtube video link" */;
			compatibilityVersion = "Xcode 3.2";
			developmentRegion = English;
			hasScannedForEncodings = 0;
			knownRegions = (
				en,
			);
			mainGroup = 9274A33F14F7D19600CB5EEB;
			productRefGroup = 9274A34B14F7D19600CB5EEB /* Products */;
			projectDirPath = "";
			projectRoot = "";
			targets = (
				9274A34914F7D19600CB5EEB /* youtube video link */,
			);
		};
/* End PBXProject section */

/* Begin PBXResourcesBuildPhase section */
		9274A34814F7D19600CB5EEB /* Resources */ = {
			isa = PBXResourcesBuildPhase;
			buildActionMask = 2147483647;
			files = (
				9274A35714F7D19600CB5EEB /* InfoPlist.strings in Resources */,
				9274A36014F7D19600CB5EEB /* MainStoryboard.storyboard in Resources */,
			);
			runOnlyForDeploymentPostprocessing = 0;
		};
/* End PBXResourcesBuildPhase section */

/* Begin PBXSourcesBuildPhase section */
		9274A34614F7D19600CB5EEB /* Sources */ = {
			isa = PBXSourcesBuildPhase;
			buildActionMask = 2147483647;
			files = (
				9274A35914F7D19600CB5EEB /* main.m in Sources */,
				9274A35D14F7D19600CB5EEB /* AppDelegate.m in Sources */,
				9274A36314F7D19600CB5EEB /* ViewController.m in Sources */,
				9274A36F14F7D1EF00CB5EEB /* PSYouTubeExtractor.m in Sources */,
			);
			runOnlyForDeploymentPostprocessing = 0;
		};
/* End PBXSourcesBuildPhase section */

/* Begin PBXVariantGroup section */
		9274A35514F7D19600CB5EEB /* InfoPlist.strings */ = {
			isa = PBXVariantGroup;
			children = (
				9274A35614F7D19600CB5EEB /* en */,
			);
			name = InfoPlist.strings;
			sourceTree = "<group>";
		};
		9274A35E14F7D19600CB5EEB /* MainStoryboard.storyboard */ = {
			isa = PBXVariantGroup;
			children = (
				9274A35F14F7D19600CB5EEB /* en */,
			);
			name = MainStoryboard.storyboard;
			sourceTree = "<group>";
		};
/* End PBXVariantGroup section */

/* Begin XCBuildConfiguration section */
		9274A36414F7D19600CB5EEB /* Debug */ = {
			isa = XCBuildConfiguration;
			buildSettings = {
				ALWAYS_SEARCH_USER_PATHS = NO;
				ARCHS = "$(ARCHS_STANDARD_32_BIT)";
				"CODE_SIGN_IDENTITY[sdk=iphoneos*]" = "";
				COPY_PHASE_STRIP = NO;
				GCC_C_LANGUAGE_STANDARD = gnu99;
				GCC_DYNAMIC_NO_PIC = NO;
				GCC_OPTIMIZATION_LEVEL = 0;
				GCC_PREPROCESSOR_DEFINITIONS = (
					"DEBUG=1",
					"$(inherited)",
				);
				GCC_SYMBOLS_PRIVATE_EXTERN = NO;
				GCC_VERSION = com.apple.compilers.llvm.clang.1_0;
				GCC_WARN_ABOUT_MISSING_PROTOTYPES = YES;
				GCC_WARN_ABOUT_RETURN_TYPE = YES;
				GCC_WARN_UNUSED_VARIABLE = YES;
				IPHONEOS_DEPLOYMENT_TARGET = 5.0;
				SDKROOT = iphoneos;
			};
			name = Debug;
		};
		9274A36514F7D19600CB5EEB /* Release */ = {
			isa = XCBuildConfiguration;
			buildSettings = {
				ALWAYS_SEARCH_USER_PATHS = NO;
				ARCHS = "$(ARCHS_STANDARD_32_BIT)";
				"CODE_SIGN_IDENTITY[sdk=iphoneos*]" = "";
				COPY_PHASE_STRIP = YES;
				GCC_C_LANGUAGE_STANDARD = gnu99;
				GCC_VERSION = com.apple.compilers.llvm.clang.1_0;
				GCC_WARN_ABOUT_MISSING_PROTOTYPES = YES;
				GCC_WARN_ABOUT_RETURN_TYPE = YES;
				GCC_WARN_UNUSED_VARIABLE = YES;
				IPHONEOS_DEPLOYMENT_TARGET = 5.0;
				OTHER_CFLAGS = "-DNS_BLOCK_ASSERTIONS=1";
				SDKROOT = iphoneos;
				VALIDATE_PRODUCT = YES;
			};
			name = Release;
		};
		9274A36714F7D19600CB5EEB /* Debug */ = {
			isa = XCBuildConfiguration;
			buildSettings = {
				"CODE_SIGN_IDENTITY[sdk=iphoneos*]" = "";
				GCC_PRECOMPILE_PREFIX_HEADER = YES;
				GCC_PREFIX_HEADER = "youtube video link/youtube video link-Prefix.pch";
				INFOPLIST_FILE = "youtube video link/youtube video link-Info.plist";
				PRODUCT_NAME = "$(TARGET_NAME)";
				WRAPPER_EXTENSION = app;
			};
			name = Debug;
		};
		9274A36814F7D19600CB5EEB /* Release */ = {
			isa = XCBuildConfiguration;
			buildSettings = {
				"CODE_SIGN_IDENTITY[sdk=iphoneos*]" = "";
				GCC_PRECOMPILE_PREFIX_HEADER = YES;
				GCC_PREFIX_HEADER = "youtube video link/youtube video link-Prefix.pch";
				INFOPLIST_FILE = "youtube video link/youtube video link-Info.plist";
				PRODUCT_NAME = "$(TARGET_NAME)";
				WRAPPER_EXTENSION = app;
			};
			name = Release;
		};
/* End XCBuildConfiguration section */

/* Begin XCConfigurationList section */
		9274A34414F7D19600CB5EEB /* Build configuration list for PBXProject "youtube video link" */ = {
			isa = XCConfigurationList;
			buildConfigurations = (
				9274A36414F7D19600CB5EEB /* Debug */,
				9274A36514F7D19600CB5EEB /* Release */,
			);
			defaultConfigurationIsVisible = 0;
			defaultConfigurationName = Release;
		};
		9274A36614F7D19600CB5EEB /* Build configuration list for PBXNativeTarget "youtube video link" */ = {
			isa = XCConfigurationList;
			buildConfigurations = (
				9274A36714F7D19600CB5EEB /* Debug */,
				9274A36814F7D19600CB5EEB /* Release */,
			);
			defaultConfigurationIsVisible = 0;
			defaultConfigurationName = Release;
		};
/* End XCConfigurationList section */
	};
	rootObject = 9274A34114F7D19600CB5EEB /* Project object */;
}
